// !$*UTF8*$!
{
	archiveVersion = 1;
	classes = {
	};
	objectVersion = 48;
	objects = {

/* Begin PBXBuildFile section */
		431151D720285B74004D8C20 /* html in Resources */ = {isa = PBXBuildFile; fileRef = 431151D620285B74004D8C20 /* html */; };
		431151D920285B7D004D8C20 /* js in Resources */ = {isa = PBXBuildFile; fileRef = 431151D820285B7D004D8C20 /* js */; };
		431C9055202467AF00EB1320 /* css in Resources */ = {isa = PBXBuildFile; fileRef = 431C9054202467AF00EB1320 /* css */; };
		436BB77B20204F6500F8F432 /* LoginViewController.m in Sources */ = {isa = PBXBuildFile; fileRef = 436BB77920204F6500F8F432 /* LoginViewController.m */; };
		436BB77C20204F6500F8F432 /* LoginViewController.xib in Resources */ = {isa = PBXBuildFile; fileRef = 436BB77A20204F6500F8F432 /* LoginViewController.xib */; };
		436BB7812020547200F8F432 /* img in Resources */ = {isa = PBXBuildFile; fileRef = 436BB77D2020547200F8F432 /* img */; };
		436BB7822020547200F8F432 /* fonts in Resources */ = {isa = PBXBuildFile; fileRef = 436BB77E2020547200F8F432 /* fonts */; };
		4395892E2016D7D50088290E /* AppDelegate.m in Sources */ = {isa = PBXBuildFile; fileRef = 4395892D2016D7D50088290E /* AppDelegate.m */; };
		439589312016D7D50088290E /* ViewController.m in Sources */ = {isa = PBXBuildFile; fileRef = 439589302016D7D50088290E /* ViewController.m */; };
		439589342016D7D50088290E /* Main.storyboard in Resources */ = {isa = PBXBuildFile; fileRef = 439589322016D7D50088290E /* Main.storyboard */; };
		439589362016D7D50088290E /* Assets.xcassets in Resources */ = {isa = PBXBuildFile; fileRef = 439589352016D7D50088290E /* Assets.xcassets */; };
		439589392016D7D50088290E /* LaunchScreen.storyboard in Resources */ = {isa = PBXBuildFile; fileRef = 439589372016D7D50088290E /* LaunchScreen.storyboard */; };
		4395893C2016D7D50088290E /* main.m in Sources */ = {isa = PBXBuildFile; fileRef = 4395893B2016D7D50088290E /* main.m */; };
/* End PBXBuildFile section */

/* Begin PBXFileReference section */
		431151D620285B74004D8C20 /* html */ = {isa = PBXFileReference; lastKnownFileType = folder; path = html; sourceTree = "<group>"; };
		431151D820285B7D004D8C20 /* js */ = {isa = PBXFileReference; lastKnownFileType = folder; path = js; sourceTree = "<group>"; };
		431C9054202467AF00EB1320 /* css */ = {isa = PBXFileReference; lastKnownFileType = folder; path = css; sourceTree = "<group>"; };
		436BB77820204F6500F8F432 /* LoginViewController.h */ = {isa = PBXFileReference; lastKnownFileType = sourcecode.c.h; path = LoginViewController.h; sourceTree = "<group>"; };
		436BB77920204F6500F8F432 /* LoginViewController.m */ = {isa = PBXFileReference; lastKnownFileType = sourcecode.c.objc; path = LoginViewController.m; sourceTree = "<group>"; };
		436BB77A20204F6500F8F432 /* LoginViewController.xib */ = {isa = PBXFileReference; lastKnownFileType = file.xib; path = LoginViewController.xib; sourceTree = "<group>"; };
		436BB77D2020547200F8F432 /* img */ = {isa = PBXFileReference; lastKnownFileType = folder; path = img; sourceTree = "<group>"; };
		436BB77E2020547200F8F432 /* fonts */ = {isa = PBXFileReference; lastKnownFileType = folder; path = fonts; sourceTree = "<group>"; };
		439589292016D7D50088290E /* wisdomCampus.app */ = {isa = PBXFileReference; explicitFileType = wrapper.application; includeInIndex = 0; path = wisdomCampus.app; sourceTree = BUILT_PRODUCTS_DIR; };
		4395892C2016D7D50088290E /* AppDelegate.h */ = {isa = PBXFileReference; lastKnownFileType = sourcecode.c.h; path = AppDelegate.h; sourceTree = "<group>"; };
		4395892D2016D7D50088290E /* AppDelegate.m */ = {isa = PBXFileReference; lastKnownFileType = sourcecode.c.objc; path = AppDelegate.m; sourceTree = "<group>"; };
		4395892F2016D7D50088290E /* ViewController.h */ = {isa = PBXFileReference; lastKnownFileType = sourcecode.c.h; path = ViewController.h; sourceTree = "<group>"; };
		439589302016D7D50088290E /* ViewController.m */ = {isa = PBXFileReference; lastKnownFileType = sourcecode.c.objc; path = ViewController.m; sourceTree = "<group>"; };
		439589332016D7D50088290E /* Base */ = {isa = PBXFileReference; lastKnownFileType = file.storyboard; name = Base; path = Base.lproj/Main.storyboard; sourceTree = "<group>"; };
		439589352016D7D50088290E /* Assets.xcassets */ = {isa = PBXFileReference; lastKnownFileType = folder.assetcatalog; path = Assets.xcassets; sourceTree = "<group>"; };
		439589382016D7D50088290E /* Base */ = {isa = PBXFileReference; lastKnownFileType = file.storyboard; name = Base; path = Base.lproj/LaunchScreen.storyboard; sourceTree = "<group>"; };
		4395893A2016D7D50088290E /* Info.plist */ = {isa = PBXFileReference; lastKnownFileType = text.plist.xml; path = Info.plist; sourceTree = "<group>"; };
		4395893B2016D7D50088290E /* main.m */ = {isa = PBXFileReference; lastKnownFileType = sourcecode.c.objc; path = main.m; sourceTree = "<group>"; };
/* End PBXFileReference section */

/* Begin PBXFrameworksBuildPhase section */
		439589262016D7D50088290E /* Frameworks */ = {
			isa = PBXFrameworksBuildPhase;
			buildActionMask = 2147483647;
			files = (
			);
			runOnlyForDeploymentPostprocessing = 0;
		};
/* End PBXFrameworksBuildPhase section */

/* Begin PBXGroup section */
		439589202016D7D50088290E = {
			isa = PBXGroup;
			children = (
				4395892B2016D7D50088290E /* wisdomCampus */,
				4395892A2016D7D50088290E /* Products */,
			);
			sourceTree = "<group>";
		};
		4395892A2016D7D50088290E /* Products */ = {
			isa = PBXGroup;
			children = (
				439589292016D7D50088290E /* wisdomCampus.app */,
			);
			name = Products;
			sourceTree = "<group>";
		};
		4395892B2016D7D50088290E /* wisdomCampus */ = {
			isa = PBXGroup;
			children = (
				439589452016DD730088290E /* viewController */,
				439589442016DD5C0088290E /* htmls */,
				439589432016DD550088290E /* common */,
				439589422016DD4D0088290E /* img */,
				4395892C2016D7D50088290E /* AppDelegate.h */,
				4395892D2016D7D50088290E /* AppDelegate.m */,
				4395892F2016D7D50088290E /* ViewController.h */,
				439589302016D7D50088290E /* ViewController.m */,
				439589322016D7D50088290E /* Main.storyboard */,
				439589352016D7D50088290E /* Assets.xcassets */,
				439589372016D7D50088290E /* LaunchScreen.storyboard */,
				4395893A2016D7D50088290E /* Info.plist */,
				4395893B2016D7D50088290E /* main.m */,
			);
			path = wisdomCampus;
			sourceTree = "<group>";
		};
		439589422016DD4D0088290E /* img */ = {
			isa = PBXGroup;
			children = (
			);
			path = img;
			sourceTree = "<group>";
		};
		439589432016DD550088290E /* common */ = {
			isa = PBXGroup;
			children = (
			);
			path = common;
			sourceTree = "<group>";
		};
		439589442016DD5C0088290E /* htmls */ = {
			isa = PBXGroup;
			children = (
				431151D820285B7D004D8C20 /* js */,
				431151D620285B74004D8C20 /* html */,
				431C9054202467AF00EB1320 /* css */,
				436BB77E2020547200F8F432 /* fonts */,
				436BB77D2020547200F8F432 /* img */,
			);
			path = htmls;
			sourceTree = "<group>";
		};
		439589452016DD730088290E /* viewController */ = {
			isa = PBXGroup;
			children = (
				436BB77820204F6500F8F432 /* LoginViewController.h */,
				436BB77920204F6500F8F432 /* LoginViewController.m */,
				436BB77A20204F6500F8F432 /* LoginViewController.xib */,
			);
			path = viewController;
			sourceTree = "<group>";
		};
/* End PBXGroup section */

/* Begin PBXNativeTarget section */
		439589282016D7D50088290E /* wisdomCampus */ = {
			isa = PBXNativeTarget;
			buildConfigurationList = 4395893F2016D7D50088290E /* Build configuration list for PBXNativeTarget "wisdomCampus" */;
			buildPhases = (
				439589252016D7D50088290E /* Sources */,
				439589262016D7D50088290E /* Frameworks */,
				439589272016D7D50088290E /* Resources */,
			);
			buildRules = (
			);
			dependencies = (
			);
			name = wisdomCampus;
			productName = wisdomCampus;
			productReference = 439589292016D7D50088290E /* wisdomCampus.app */;
			productType = "com.apple.product-type.application";
		};
/* End PBXNativeTarget section */

/* Begin PBXProject section */
		439589212016D7D50088290E /* Project object */ = {
			isa = PBXProject;
			attributes = {
				LastUpgradeCheck = 0910;
				ORGANIZATIONNAME = JSY;
				TargetAttributes = {
					439589282016D7D50088290E = {
						CreatedOnToolsVersion = 9.1;
						ProvisioningStyle = Automatic;
					};
				};
			};
			buildConfigurationList = 439589242016D7D50088290E /* Build configuration list for PBXProject "wisdomCampus" */;
			compatibilityVersion = "Xcode 8.0";
			developmentRegion = en;
			hasScannedForEncodings = 0;
			knownRegions = (
				en,
				Base,
			);
			mainGroup = 439589202016D7D50088290E;
			productRefGroup = 4395892A2016D7D50088290E /* Products */;
			projectDirPath = "";
			projectRoot = "";
			targets = (
				439589282016D7D50088290E /* wisdomCampus */,
			);
		};
/* End PBXProject section */

/* Begin PBXResourcesBuildPhase section */
		439589272016D7D50088290E /* Resources */ = {
			isa = PBXResourcesBuildPhase;
			buildActionMask = 2147483647;
			files = (
				436BB7812020547200F8F432 /* img in Resources */,
				431151D920285B7D004D8C20 /* js in Resources */,
				431151D720285B74004D8C20 /* html in Resources */,
				436BB77C20204F6500F8F432 /* LoginViewController.xib in Resources */,
				439589392016D7D50088290E /* LaunchScreen.storyboard in Resources */,
				431C9055202467AF00EB1320 /* css in Resources */,
				436BB7822020547200F8F432 /* fonts in Resources */,
				439589362016D7D50088290E /* Assets.xcassets in Resources */,
				439589342016D7D50088290E /* Main.storyboard in Resources */,
			);
			runOnlyForDeploymentPostprocessing = 0;
		};
/* End PBXResourcesBuildPhase section */

/* Begin PBXSourcesBuildPhase section */
		439589252016D7D50088290E /* Sources */ = {
			isa = PBXSourcesBuildPhase;
			buildActionMask = 2147483647;
			files = (
				436BB77B20204F6500F8F432 /* LoginViewController.m in Sources */,
				439589312016D7D50088290E /* ViewController.m in Sources */,
				4395893C2016D7D50088290E /* main.m in Sources */,
				4395892E2016D7D50088290E /* AppDelegate.m in Sources */,
			);
			runOnlyForDeploymentPostprocessing = 0;
		};
/* End PBXSourcesBuildPhase section */

/* Begin PBXVariantGroup section */
		439589322016D7D50088290E /* Main.storyboard */ = {
			isa = PBXVariantGroup;
			children = (
				439589332016D7D50088290E /* Base */,
			);
			name = Main.storyboard;
			sourceTree = "<group>";
		};
		439589372016D7D50088290E /* LaunchScreen.storyboard */ = {
			isa = PBXVariantGroup;
			children = (
				439589382016D7D50088290E /* Base */,
			);
			name = LaunchScreen.storyboard;
			sourceTree = "<group>";
		};
/* End PBXVariantGroup section */

/* Begin XCBuildConfiguration section */
		4395893D2016D7D50088290E /* Debug */ = {
			isa = XCBuildConfiguration;
			buildSettings = {
				ALWAYS_SEARCH_USER_PATHS = NO;
				CLANG_ANALYZER_NONNULL = YES;
				CLANG_ANALYZER_NUMBER_OBJECT_CONVERSION = YES_AGGRESSIVE;
				CLANG_CXX_LANGUAGE_STANDARD = "gnu++14";
				CLANG_CXX_LIBRARY = "libc++";
				CLANG_ENABLE_MODULES = YES;
				CLANG_ENABLE_OBJC_ARC = YES;
				CLANG_WARN_BLOCK_CAPTURE_AUTORELEASING = YES;
				CLANG_WARN_BOOL_CONVERSION = YES;
				CLANG_WARN_COMMA = YES;
				CLANG_WARN_CONSTANT_CONVERSION = YES;
				CLANG_WARN_DIRECT_OBJC_ISA_USAGE = YES_ERROR;
				CLANG_WARN_DOCUMENTATION_COMMENTS = YES;
				CLANG_WARN_EMPTY_BODY = YES;
				CLANG_WARN_ENUM_CONVERSION = YES;
				CLANG_WARN_INFINITE_RECURSION = YES;
				CLANG_WARN_INT_CONVERSION = YES;
				CLANG_WARN_NON_LITERAL_NULL_CONVERSION = YES;
				CLANG_WARN_OBJC_LITERAL_CONVERSION = YES;
				CLANG_WARN_OBJC_ROOT_CLASS = YES_ERROR;
				CLANG_WARN_RANGE_LOOP_ANALYSIS = YES;
				CLANG_WARN_STRICT_PROTOTYPES = YES;
				CLANG_WARN_SUSPICIOUS_MOVE = YES;
				CLANG_WARN_UNGUARDED_AVAILABILITY = YES_AGGRESSIVE;
				CLANG_WARN_UNREACHABLE_CODE = YES;
				CLANG_WARN__DUPLICATE_METHOD_MATCH = YES;
				CODE_SIGN_IDENTITY = "iPhone Developer";
				COPY_PHASE_STRIP = NO;
				DEBUG_INFORMATION_FORMAT = dwarf;
				ENABLE_STRICT_OBJC_MSGSEND = YES;
				ENABLE_TESTABILITY = YES;
				GCC_C_LANGUAGE_STANDARD = gnu11;
				GCC_DYNAMIC_NO_PIC = NO;
				GCC_NO_COMMON_BLOCKS = YES;
				GCC_OPTIMIZATION_LEVEL = 0;
				GCC_PREPROCESSOR_DEFINITIONS = (
					"DEBUG=1",
					"$(inherited)",
				);
				GCC_WARN_64_TO_32_BIT_CONVERSION = YES;
				GCC_WARN_ABOUT_RETURN_TYPE = YES_ERROR;
				GCC_WARN_UNDECLARED_SELECTOR = YES;
				GCC_WARN_UNINITIALIZED_AUTOS = YES_AGGRESSIVE;
				GCC_WARN_UNUSED_FUNCTION = YES;
				GCC_WARN_UNUSED_VARIABLE = YES;
				IPHONEOS_DEPLOYMENT_TARGET = 11.1;
				MTL_ENABLE_DEBUG_INFO = YES;
				ONLY_ACTIVE_ARCH = YES;
				SDKROOT = iphoneos;
			};
			name = Debug;
		};
		4395893E2016D7D50088290E /* Release */ = {
			isa = XCBuildConfiguration;
			buildSettings = {
				ALWAYS_SEARCH_USER_PATHS = NO;
				CLANG_ANALYZER_NONNULL = YES;
				CLANG_ANALYZER_NUMBER_OBJECT_CONVERSION = YES_AGGRESSIVE;
				CLANG_CXX_LANGUAGE_STANDARD = "gnu++14";
				CLANG_CXX_LIBRARY = "libc++";
				CLANG_ENABLE_MODULES = YES;
				CLANG_ENABLE_OBJC_ARC = YES;
				CLANG_WARN_BLOCK_CAPTURE_AUTORELEASING = YES;
				CLANG_WARN_BOOL_CONVERSION = YES;
				CLANG_WARN_COMMA = YES;
				CLANG_WARN_CONSTANT_CONVERSION = YES;
				CLANG_WARN_DIRECT_OBJC_ISA_USAGE = YES_ERROR;
				CLANG_WARN_DOCUMENTATION_COMMENTS = YES;
				CLANG_WARN_EMPTY_BODY = YES;
				CLANG_WARN_ENUM_CONVERSION = YES;
				CLANG_WARN_INFINITE_RECURSION = YES;
				CLANG_WARN_INT_CONVERSION = YES;
				CLANG_WARN_NON_LITERAL_NULL_CONVERSION = YES;
				CLANG_WARN_OBJC_LITERAL_CONVERSION = YES;
				CLANG_WARN_OBJC_ROOT_CLASS = YES_ERROR;
				CLANG_WARN_RANGE_LOOP_ANALYSIS = YES;
				CLANG_WARN_STRICT_PROTOTYPES = YES;
				CLANG_WARN_SUSPICIOUS_MOVE = YES;
				CLANG_WARN_UNGUARDED_AVAILABILITY = YES_AGGRESSIVE;
				CLANG_WARN_UNREACHABLE_CODE = YES;
				CLANG_WARN__DUPLICATE_METHOD_MATCH = YES;
				CODE_SIGN_IDENTITY = "iPhone Developer";
				COPY_PHASE_STRIP = NO;
				DEBUG_INFORMATION_FORMAT = "dwarf-with-dsym";
				ENABLE_NS_ASSERTIONS = NO;
				ENABLE_STRICT_OBJC_MSGSEND = YES;
				GCC_C_LANGUAGE_STANDARD = gnu11;
				GCC_NO_COMMON_BLOCKS = YES;
				GCC_WARN_64_TO_32_BIT_CONVERSION = YES;
				GCC_WARN_ABOUT_RETURN_TYPE = YES_ERROR;
				GCC_WARN_UNDECLARED_SELECTOR = YES;
				GCC_WARN_UNINITIALIZED_AUTOS = YES_AGGRESSIVE;
				GCC_WARN_UNUSED_FUNCTION = YES;
				GCC_WARN_UNUSED_VARIABLE = YES;
				IPHONEOS_DEPLOYMENT_TARGET = 11.1;
				MTL_ENABLE_DEBUG_INFO = NO;
				SDKROOT = iphoneos;
				VALIDATE_PRODUCT = YES;
			};
			name = Release;
		};
		439589402016D7D50088290E /* Debug */ = {
			isa = XCBuildConfiguration;
			buildSettings = {
				ASSETCATALOG_COMPILER_APPICON_NAME = AppIcon;
				CODE_SIGN_STYLE = Automatic;
				DEVELOPMENT_TEAM = 68R8QP4X33;
				INFOPLIST_FILE = wisdomCampus/Info.plist;
				IPHONEOS_DEPLOYMENT_TARGET = 9.0;
				LD_RUNPATH_SEARCH_PATHS = "$(inherited) @executable_path/Frameworks";
				PRODUCT_BUNDLE_IDENTIFIER = JSY.wisdomCampus;
				PRODUCT_NAME = "$(TARGET_NAME)";
				TARGETED_DEVICE_FAMILY = 1;
			};
			name = Debug;
		};
		439589412016D7D50088290E /* Release */ = {
			isa = XCBuildConfiguration;
			buildSettings = {
				ASSETCATALOG_COMPILER_APPICON_NAME = AppIcon;
				CODE_SIGN_STYLE = Automatic;
				DEVELOPMENT_TEAM = 68R8QP4X33;
				INFOPLIST_FILE = wisdomCampus/Info.plist;
				IPHONEOS_DEPLOYMENT_TARGET = 9.0;
				LD_RUNPATH_SEARCH_PATHS = "$(inherited) @executable_path/Frameworks";
				PRODUCT_BUNDLE_IDENTIFIER = JSY.wisdomCampus;
				PRODUCT_NAME = "$(TARGET_NAME)";
				TARGETED_DEVICE_FAMILY = 1;
			};
			name = Release;
		};
/* End XCBuildConfiguration section */

/* Begin XCConfigurationList section */
		439589242016D7D50088290E /* Build configuration list for PBXProject "wisdomCampus" */ = {
			isa = XCConfigurationList;
			buildConfigurations = (
				4395893D2016D7D50088290E /* Debug */,
				4395893E2016D7D50088290E /* Release */,
			);
			defaultConfigurationIsVisible = 0;
			defaultConfigurationName = Release;
		};
		4395893F2016D7D50088290E /* Build configuration list for PBXNativeTarget "wisdomCampus" */ = {
			isa = XCConfigurationList;
			buildConfigurations = (
				439589402016D7D50088290E /* Debug */,
				439589412016D7D50088290E /* Release */,
			);
			defaultConfigurationIsVisible = 0;
			defaultConfigurationName = Release;
		};
/* End XCConfigurationList section */
	};
	rootObject = 439589212016D7D50088290E /* Project object */;
}
